cookbook 'apache2', :locked_version => '1.1.8'
cookbook 'apt', :locked_version => '1.4.2'
cookbook 'build-essential', :locked_version => '1.0.2'
cookbook 'collectd', :locked_version => '1.0.0'
cookbook 'collectd_plugins', :locked_version => '1.0.0'
cookbook 'discovery', :locked_version => '0.1.6'
cookbook 'erlang', :locked_version => '1.0.0'
cookbook 'gdash', :locked_version => '0.0.2'
cookbook 'graphite', :locked_version => '0.3.0'
cookbook 'iptables', :locked_version => '0.10.0'
cookbook 'log_rotations', :locked_version => '0.0.1'
cookbook 'logrotate', :locked_version => '0.8.2'
cookbook 'openssh', :locked_version => '0.8.0'
cookbook 'python', :locked_version => '1.0.6'
cookbook 'rabbitmq', :locked_version => '1.4.0'
cookbook 'redis', :locked_version => '3.0.4'
cookbook 'runit', :locked_version => '0.15.0'
cookbook 'unicorn', :locked_version => '1.0.0'
cookbook 'sensu', :locked_version => '0.0.9'
cookbook 'yum', :locked_version => '0.6.2'
cookbook 'install_from', :locked_version => '3.0.4'
cookbook 'metachef', :locked_version => '3.0.4'